// !$*UTF8*$!
{
	archiveVersion = 1;
	classes = {
	};
	objectVersion = 70;
	objects = {

/* Begin PBXBuildFile section */
		2A0C28B32EE37EC400929A7E /* ShifterShareExtension.appex in Embed Foundation Extensions */ = {isa = PBXBuildFile; fileRef = 2A0C28A92EE37EC400929A7E /* ShifterShareExtension.appex */; settings = {ATTRIBUTES = (RemoveHeadersOnCopy, ); }; };
		2A12BCA22EE6F36C00BB11AA /* WatchConnectivityManager.swift in Sources */ = {isa = PBXBuildFile; fileRef = 2A12BCA12EE6F36C00BB11AA /* WatchConnectivityManager.swift */; };
		2A4EA6912EE35E7C006F4D56 /* AboutView.swift in Sources */ = {isa = PBXBuildFile; fileRef = 2A4EA6902EE35E7C006F4D56 /* AboutView.swift */; };
		2A7AB6412EE6EE31000BE7FA /* ShifterWatch Watch App.app in Embed Watch Content */ = {isa = PBXBuildFile; fileRef = 2A7AB6372EE6EE2E000BE7FA /* ShifterWatch Watch App.app */; settings = {ATTRIBUTES = (RemoveHeadersOnCopy, ); }; };
		2AA13CC32EDCED1F004C0E67 /* Assets.xcassets in Resources */ = {isa = PBXBuildFile; fileRef = 2AA13CC22EDCED1A004C0E67 /* Assets.xcassets */; };
		2AC002032EE4D036003B911F /* WidgetKit.framework in Frameworks */ = {isa = PBXBuildFile; fileRef = 2AC002022EE4D036003B911F /* WidgetKit.framework */; };
		2AC002052EE4D036003B911F /* SwiftUI.framework in Frameworks */ = {isa = PBXBuildFile; fileRef = 2AC002042EE4D036003B911F /* SwiftUI.framework */; };
		2AC002162EE4D037003B911F /* ShifterWidgetExtension.appex in Embed Foundation Extensions */ = {isa = PBXBuildFile; fileRef = 2AC002002EE4D036003B911F /* ShifterWidgetExtension.appex */; settings = {ATTRIBUTES = (RemoveHeadersOnCopy, ); }; };
		2AC0021D2EE4D146003B911F /* Shift.swift in Sources */ = {isa = PBXBuildFile; fileRef = 5B3 /* Shift.swift */; };
		2AC0021E2EE4D169003B911F /* WorkSchedule.swift in Sources */ = {isa = PBXBuildFile; fileRef = 5B4 /* WorkSchedule.swift */; };
		2AC0021F2EE4D178003B911F /* FiscalCalendarHelper.swift in Sources */ = {isa = PBXBuildFile; fileRef = 5B12 /* FiscalCalendarHelper.swift */; };
		2AC002202EE4D180003B911F /* DateFormatterCache.swift in Sources */ = {isa = PBXBuildFile; fileRef = 5B13 /* DateFormatterCache.swift */; };
		5A1 /* WorkScheduleAppApp.swift in Sources */ = {isa = PBXBuildFile; fileRef = 5B1 /* WorkScheduleAppApp.swift */; };
		5A10 /* ShiftStatisticsView.swift in Sources */ = {isa = PBXBuildFile; fileRef = 5B10 /* ShiftStatisticsView.swift */; };
		5A11 /* ManageDataView.swift in Sources */ = {isa = PBXBuildFile; fileRef = 5B11 /* ManageDataView.swift */; };
		5A12 /* FiscalCalendarHelper.swift in Sources */ = {isa = PBXBuildFile; fileRef = 5B12 /* FiscalCalendarHelper.swift */; };
		5A13 /* DateFormatterCache.swift in Sources */ = {isa = PBXBuildFile; fileRef = 5B13 /* DateFormatterCache.swift */; };
		5A2 /* ContentView.swift in Sources */ = {isa = PBXBuildFile; fileRef = 5B2 /* ContentView.swift */; };
		5A3 /* Shift.swift in Sources */ = {isa = PBXBuildFile; fileRef = 5B3 /* Shift.swift */; };
		5A4 /* WorkSchedule.swift in Sources */ = {isa = PBXBuildFile; fileRef = 5B4 /* WorkSchedule.swift */; };
		5A5 /* ScheduleViewModel.swift in Sources */ = {isa = PBXBuildFile; fileRef = 5B5 /* ScheduleViewModel.swift */; };
		5A6 /* OCRService.swift in Sources */ = {isa = PBXBuildFile; fileRef = 5B6 /* OCRService.swift */; };
		5A9 /* SystemCSSTheme.swift in Sources */ = {isa = PBXBuildFile; fileRef = 5B9 /* SystemCSSTheme.swift */; };
/* End PBXBuildFile section */

/* Begin PBXContainerItemProxy section */
		2A0C28B12EE37EC400929A7E /* PBXContainerItemProxy */ = {
			isa = PBXContainerItemProxy;
			containerPortal = 5G1 /* Project object */;
			proxyType = 1;
			remoteGlobalIDString = 2A0C28A82EE37EC400929A7E;
			remoteInfo = ShifterShareExtension;
		};
		2A7AB63F2EE6EE31000BE7FA /* PBXContainerItemProxy */ = {
			isa = PBXContainerItemProxy;
			containerPortal = 5G1 /* Project object */;
			proxyType = 1;
			remoteGlobalIDString = 2A7AB6362EE6EE2E000BE7FA;
			remoteInfo = "ShifterWatch Watch App";
		};
		2AC002142EE4D037003B911F /* PBXContainerItemProxy */ = {
			isa = PBXContainerItemProxy;
			containerPortal = 5G1 /* Project object */;
			proxyType = 1;
			remoteGlobalIDString = 2AC001FF2EE4D036003B911F;
			remoteInfo = ShifterWidgetExtension;
		};
/* End PBXContainerItemProxy section */

/* Begin PBXCopyFilesBuildPhase section */
		2A0C28B82EE37EC400929A7E /* Embed Foundation Extensions */ = {
			isa = PBXCopyFilesBuildPhase;
			buildActionMask = 2147483647;
			dstPath = "";
			dstSubfolderSpec = 13;
			files = (
				2AC002162EE4D037003B911F /* ShifterWidgetExtension.appex in Embed Foundation Extensions */,
				2A0C28B32EE37EC400929A7E /* ShifterShareExtension.appex in Embed Foundation Extensions */,
			);
			name = "Embed Foundation Extensions";
			runOnlyForDeploymentPostprocessing = 0;
		};
		2A7AB6422EE6EE31000BE7FA /* Embed Watch Content */ = {
			isa = PBXCopyFilesBuildPhase;
			buildActionMask = 2147483647;
			dstPath = "$(CONTENTS_FOLDER_PATH)/Watch";
			dstSubfolderSpec = 16;
			files = (
				2A7AB6412EE6EE31000BE7FA /* ShifterWatch Watch App.app in Embed Watch Content */,
			);
			name = "Embed Watch Content";
			runOnlyForDeploymentPostprocessing = 0;
		};
/* End PBXCopyFilesBuildPhase section */

/* Begin PBXFileReference section */
		2A0C28A92EE37EC400929A7E /* ShifterShareExtension.appex */ = {isa = PBXFileReference; explicitFileType = "wrapper.app-extension"; includeInIndex = 0; path = ShifterShareExtension.appex; sourceTree = BUILT_PRODUCTS_DIR; };
		2A0C28BD2EE380C900929A7E /* WorkScheduleApp.entitlements */ = {isa = PBXFileReference; lastKnownFileType = text.plist.entitlements; path = WorkScheduleApp.entitlements; sourceTree = "<group>"; };
		2A12BCA12EE6F36C00BB11AA /* WatchConnectivityManager.swift */ = {isa = PBXFileReference; lastKnownFileType = sourcecode.swift; path = WatchConnectivityManager.swift; sourceTree = "<group>"; };
		2A4EA6902EE35E7C006F4D56 /* AboutView.swift */ = {isa = PBXFileReference; lastKnownFileType = sourcecode.swift; path = AboutView.swift; sourceTree = "<group>"; };
		2A7AB6372EE6EE2E000BE7FA /* ShifterWatch Watch App.app */ = {isa = PBXFileReference; explicitFileType = wrapper.application; includeInIndex = 0; path = "ShifterWatch Watch App.app"; sourceTree = BUILT_PRODUCTS_DIR; };
		2AA13CC22EDCED1A004C0E67 /* Assets.xcassets */ = {isa = PBXFileReference; lastKnownFileType = folder.assetcatalog; path = Assets.xcassets; sourceTree = "<group>"; };
		2AC002002EE4D036003B911F /* ShifterWidgetExtension.appex */ = {isa = PBXFileReference; explicitFileType = "wrapper.app-extension"; includeInIndex = 0; path = ShifterWidgetExtension.appex; sourceTree = BUILT_PRODUCTS_DIR; };
		2AC002022EE4D036003B911F /* WidgetKit.framework */ = {isa = PBXFileReference; lastKnownFileType = wrapper.framework; name = WidgetKit.framework; path = System/Library/Frameworks/WidgetKit.framework; sourceTree = SDKROOT; };
		2AC002042EE4D036003B911F /* SwiftUI.framework */ = {isa = PBXFileReference; lastKnownFileType = wrapper.framework; name = SwiftUI.framework; path = System/Library/Frameworks/SwiftUI.framework; sourceTree = SDKROOT; };
		2AC002212EE4D66F003B911F /* ShifterWidgetExtension.entitlements */ = {isa = PBXFileReference; lastKnownFileType = text.plist.entitlements; path = ShifterWidgetExtension.entitlements; sourceTree = "<group>"; };
		5B1 /* WorkScheduleAppApp.swift */ = {isa = PBXFileReference; lastKnownFileType = sourcecode.swift; path = WorkScheduleAppApp.swift; sourceTree = "<group>"; };
		5B10 /* ShiftStatisticsView.swift */ = {isa = PBXFileReference; lastKnownFileType = sourcecode.swift; path = ShiftStatisticsView.swift; sourceTree = "<group>"; };
		5B11 /* ManageDataView.swift */ = {isa = PBXFileReference; lastKnownFileType = sourcecode.swift; path = ManageDataView.swift; sourceTree = "<group>"; };
		5B12 /* FiscalCalendarHelper.swift */ = {isa = PBXFileReference; lastKnownFileType = sourcecode.swift; path = FiscalCalendarHelper.swift; sourceTree = "<group>"; };
		5B13 /* DateFormatterCache.swift */ = {isa = PBXFileReference; lastKnownFileType = sourcecode.swift; path = DateFormatterCache.swift; sourceTree = "<group>"; };
		5B2 /* ContentView.swift */ = {isa = PBXFileReference; lastKnownFileType = sourcecode.swift; path = ContentView.swift; sourceTree = "<group>"; };
		5B3 /* Shift.swift */ = {isa = PBXFileReference; lastKnownFileType = sourcecode.swift; path = Shift.swift; sourceTree = "<group>"; };
		5B4 /* WorkSchedule.swift */ = {isa = PBXFileReference; lastKnownFileType = sourcecode.swift; path = WorkSchedule.swift; sourceTree = "<group>"; };
		5B5 /* ScheduleViewModel.swift */ = {isa = PBXFileReference; lastKnownFileType = sourcecode.swift; path = ScheduleViewModel.swift; sourceTree = "<group>"; };
		5B6 /* OCRService.swift */ = {isa = PBXFileReference; lastKnownFileType = sourcecode.swift; path = OCRService.swift; sourceTree = "<group>"; };
		5B9 /* SystemCSSTheme.swift */ = {isa = PBXFileReference; lastKnownFileType = sourcecode.swift; path = SystemCSSTheme.swift; sourceTree = "<group>"; };
		5C3 /* WorkScheduleApp.app */ = {isa = PBXFileReference; explicitFileType = wrapper.application; includeInIndex = 0; path = WorkScheduleApp.app; sourceTree = BUILT_PRODUCTS_DIR; };
/* End PBXFileReference section */

/* Begin PBXFileSystemSynchronizedBuildFileExceptionSet section */
		2A0C28B42EE37EC400929A7E /* PBXFileSystemSynchronizedBuildFileExceptionSet */ = {
			isa = PBXFileSystemSynchronizedBuildFileExceptionSet;
			membershipExceptions = (
				Info.plist,
			);
			target = 2A0C28A82EE37EC400929A7E /* ShifterShareExtension */;
		};
		2AC002192EE4D037003B911F /* PBXFileSystemSynchronizedBuildFileExceptionSet */ = {
			isa = PBXFileSystemSynchronizedBuildFileExceptionSet;
			membershipExceptions = (
				Info.plist,
			);
			target = 2AC001FF2EE4D036003B911F /* ShifterWidgetExtension */;
		};
/* End PBXFileSystemSynchronizedBuildFileExceptionSet section */

/* Begin PBXFileSystemSynchronizedRootGroup section */
		2A0C28AA2EE37EC400929A7E /* ShifterShareExtension */ = {isa = PBXFileSystemSynchronizedRootGroup; exceptions = (2A0C28B42EE37EC400929A7E /* PBXFileSystemSynchronizedBuildFileExceptionSet */, ); explicitFileTypes = {}; explicitFolders = (); path = ShifterShareExtension; sourceTree = "<group>"; };
		2A7AB6382EE6EE2E000BE7FA /* ShifterWatch Watch App */ = {isa = PBXFileSystemSynchronizedRootGroup; explicitFileTypes = {}; explicitFolders = (); path = "ShifterWatch Watch App"; sourceTree = "<group>"; };
		2AC002062EE4D036003B911F /* ShifterWidget */ = {isa = PBXFileSystemSynchronizedRootGroup; exceptions = (2AC002192EE4D037003B911F /* PBXFileSystemSynchronizedBuildFileExceptionSet */, ); explicitFileTypes = {}; explicitFolders = (); path = ShifterWidget; sourceTree = "<group>"; };
/* End PBXFileSystemSynchronizedRootGroup section */

/* Begin PBXFrameworksBuildPhase section */
		2A0C28A62EE37EC400929A7E /* Frameworks */ = {
			isa = PBXFrameworksBuildPhase;
			buildActionMask = 2147483647;
			files = (
			);
			runOnlyForDeploymentPostprocessing = 0;
		};
		2A7AB6342EE6EE2E000BE7FA /* Frameworks */ = {
			isa = PBXFrameworksBuildPhase;
			buildActionMask = 2147483647;
			files = (
			);
			runOnlyForDeploymentPostprocessing = 0;
		};
		2AC001FD2EE4D036003B911F /* Frameworks */ = {
			isa = PBXFrameworksBuildPhase;
			buildActionMask = 2147483647;
			files = (
				2AC002052EE4D036003B911F /* SwiftUI.framework in Frameworks */,
				2AC002032EE4D036003B911F /* WidgetKit.framework in Frameworks */,
			);
			runOnlyForDeploymentPostprocessing = 0;
		};
		5D1 /* Frameworks */ = {
			isa = PBXFrameworksBuildPhase;
			buildActionMask = 2147483647;
			files = (
			);
			runOnlyForDeploymentPostprocessing = 0;
		};
/* End PBXFrameworksBuildPhase section */

/* Begin PBXGroup section */
		2AC002012EE4D036003B911F /* Frameworks */ = {
			isa = PBXGroup;
			children = (
				2AC002022EE4D036003B911F /* WidgetKit.framework */,
				2AC002042EE4D036003B911F /* SwiftUI.framework */,
			);
			name = Frameworks;
			sourceTree = "<group>";
		};
		5E1 = {
			isa = PBXGroup;
			children = (
				2AC002212EE4D66F003B911F /* ShifterWidgetExtension.entitlements */,
				5E2 /* WorkScheduleApp */,
				2A0C28AA2EE37EC400929A7E /* ShifterShareExtension */,
				2AC002062EE4D036003B911F /* ShifterWidget */,
				2A7AB6382EE6EE2E000BE7FA /* ShifterWatch Watch App */,
				2AC002012EE4D036003B911F /* Frameworks */,
				5E8 /* Products */,
			);
			sourceTree = "<group>";
		};
		5E2 /* WorkScheduleApp */ = {
			isa = PBXGroup;
			children = (
				2A12BCA12EE6F36C00BB11AA /* WatchConnectivityManager.swift */,
				2A0C28BD2EE380C900929A7E /* WorkScheduleApp.entitlements */,
				2AA13CC22EDCED1A004C0E67 /* Assets.xcassets */,
				5B1 /* WorkScheduleAppApp.swift */,
				5B2 /* ContentView.swift */,
				5E3 /* Models */,
				5E4 /* ViewModels */,
				5E5 /* Services */,
				5E6 /* Views */,
				5E7 /* Helpers */,
			);
			path = WorkScheduleApp;
			sourceTree = "<group>";
		};
		5E3 /* Models */ = {
			isa = PBXGroup;
			children = (
				5B3 /* Shift.swift */,
				5B4 /* WorkSchedule.swift */,
			);
			path = Models;
			sourceTree = "<group>";
		};
		5E4 /* ViewModels */ = {
			isa = PBXGroup;
			children = (
				5B5 /* ScheduleViewModel.swift */,
			);
			path = ViewModels;
			sourceTree = "<group>";
		};
		5E5 /* Services */ = {
			isa = PBXGroup;
			children = (
				5B6 /* OCRService.swift */,
			);
			path = Services;
			sourceTree = "<group>";
		};
		5E6 /* Views */ = {
			isa = PBXGroup;
			children = (
				2A4EA6902EE35E7C006F4D56 /* AboutView.swift */,
				5B9 /* SystemCSSTheme.swift */,
				5B10 /* ShiftStatisticsView.swift */,
				5B11 /* ManageDataView.swift */,
			);
			path = Views;
			sourceTree = "<group>";
		};
		5E7 /* Helpers */ = {
			isa = PBXGroup;
			children = (
				5B12 /* FiscalCalendarHelper.swift */,
				5B13 /* DateFormatterCache.swift */,
			);
			path = Helpers;
			sourceTree = "<group>";
		};
		5E8 /* Products */ = {
			isa = PBXGroup;
			children = (
				5C3 /* WorkScheduleApp.app */,
				2A0C28A92EE37EC400929A7E /* ShifterShareExtension.appex */,
				2AC002002EE4D036003B911F /* ShifterWidgetExtension.appex */,
				2A7AB6372EE6EE2E000BE7FA /* ShifterWatch Watch App.app */,
			);
			name = Products;
			sourceTree = "<group>";
		};
/* End PBXGroup section */

/* Begin PBXNativeTarget section */
		2A0C28A82EE37EC400929A7E /* ShifterShareExtension */ = {
			isa = PBXNativeTarget;
			buildConfigurationList = 2A0C28B52EE37EC400929A7E /* Build configuration list for PBXNativeTarget "ShifterShareExtension" */;
			buildPhases = (
				2A0C28A52EE37EC400929A7E /* Sources */,
				2A0C28A62EE37EC400929A7E /* Frameworks */,
				2A0C28A72EE37EC400929A7E /* Resources */,
			);
			buildRules = (
			);
			dependencies = (
			);
			fileSystemSynchronizedGroups = (
				2A0C28AA2EE37EC400929A7E /* ShifterShareExtension */,
			);
			name = ShifterShareExtension;
			packageProductDependencies = (
			);
			productName = ShifterShareExtension;
			productReference = 2A0C28A92EE37EC400929A7E /* ShifterShareExtension.appex */;
			productType = "com.apple.product-type.app-extension";
		};
		2A7AB6362EE6EE2E000BE7FA /* ShifterWatch Watch App */ = {
			isa = PBXNativeTarget;
			buildConfigurationList = 2A7AB6452EE6EE31000BE7FA /* Build configuration list for PBXNativeTarget "ShifterWatch Watch App" */;
			buildPhases = (
				2A7AB6332EE6EE2E000BE7FA /* Sources */,
				2A7AB6342EE6EE2E000BE7FA /* Frameworks */,
				2A7AB6352EE6EE2E000BE7FA /* Resources */,
			);
			buildRules = (
			);
			dependencies = (
			);
			fileSystemSynchronizedGroups = (
				2A7AB6382EE6EE2E000BE7FA /* ShifterWatch Watch App */,
			);
			name = "ShifterWatch Watch App";
			packageProductDependencies = (
			);
			productName = "ShifterWatch Watch App";
			productReference = 2A7AB6372EE6EE2E000BE7FA /* ShifterWatch Watch App.app */;
			productType = "com.apple.product-type.application";
		};
		2AC001FF2EE4D036003B911F /* ShifterWidgetExtension */ = {
			isa = PBXNativeTarget;
			buildConfigurationList = 2AC0021A2EE4D037003B911F /* Build configuration list for PBXNativeTarget "ShifterWidgetExtension" */;
			buildPhases = (
				2AC001FC2EE4D036003B911F /* Sources */,
				2AC001FD2EE4D036003B911F /* Frameworks */,
				2AC001FE2EE4D036003B911F /* Resources */,
			);
			buildRules = (
			);
			dependencies = (
			);
			fileSystemSynchronizedGroups = (
				2AC002062EE4D036003B911F /* ShifterWidget */,
			);
			name = ShifterWidgetExtension;
			packageProductDependencies = (
			);
			productName = ShifterWidgetExtension;
			productReference = 2AC002002EE4D036003B911F /* ShifterWidgetExtension.appex */;
			productType = "com.apple.product-type.app-extension";
		};
		5F1 /* WorkScheduleApp */ = {
			isa = PBXNativeTarget;
			buildConfigurationList = 5F2 /* Build configuration list for PBXNativeTarget "WorkScheduleApp" */;
			buildPhases = (
				5D2 /* Resources */,
				5D1 /* Frameworks */,
				5F3 /* Sources */,
				2AA13CC62EDCEEF7004C0E67 /* ShellScript */,
				2A0C28B82EE37EC400929A7E /* Embed Foundation Extensions */,
				2A7AB6422EE6EE31000BE7FA /* Embed Watch Content */,
			);
			buildRules = (
			);
			dependencies = (
				2A0C28B22EE37EC400929A7E /* PBXTargetDependency */,
				2AC002152EE4D037003B911F /* PBXTargetDependency */,
				2A7AB6402EE6EE31000BE7FA /* PBXTargetDependency */,
			);
			name = WorkScheduleApp;
			productName = WorkScheduleApp;
			productReference = 5C3 /* WorkScheduleApp.app */;
			productType = "com.apple.product-type.application";
		};
/* End PBXNativeTarget section */

/* Begin PBXProject section */
		5G1 /* Project object */ = {
			isa = PBXProject;
			attributes = {
				BuildIndependentTargetsInParallel = 1;
				LastSwiftUpdateCheck = 2610;
				LastUpgradeCheck = 2610;
				TargetAttributes = {
					2A0C28A82EE37EC400929A7E = {
						CreatedOnToolsVersion = 26.1.1;
					};
					2A7AB6362EE6EE2E000BE7FA = {
						CreatedOnToolsVersion = 26.1.1;
					};
					2AC001FF2EE4D036003B911F = {
						CreatedOnToolsVersion = 26.1.1;
					};
					5F1 = {
						CreatedOnToolsVersion = 15.0;
					};
				};
			};
			buildConfigurationList = 5G2 /* Build configuration list for PBXProject "WorkScheduleApp" */;
			compatibilityVersion = "Xcode 14.0";
			developmentRegion = fr;
			hasScannedForEncodings = 0;
			knownRegions = (
				en,
				Base,
				fr,
			);
			mainGroup = 5E1;
			productRefGroup = 5E8 /* Products */;
			projectDirPath = "";
			projectRoot = "";
			targets = (
				5F1 /* WorkScheduleApp */,
				2A0C28A82EE37EC400929A7E /* ShifterShareExtension */,
				2AC001FF2EE4D036003B911F /* ShifterWidgetExtension */,
				2A7AB6362EE6EE2E000BE7FA /* ShifterWatch Watch App */,
			);
		};
/* End PBXProject section */

/* Begin PBXResourcesBuildPhase section */
		2A0C28A72EE37EC400929A7E /* Resources */ = {
			isa = PBXResourcesBuildPhase;
			buildActionMask = 2147483647;
			files = (
			);
			runOnlyForDeploymentPostprocessing = 0;
		};
		2A7AB6352EE6EE2E000BE7FA /* Resources */ = {
			isa = PBXResourcesBuildPhase;
			buildActionMask = 2147483647;
			files = (
			);
			runOnlyForDeploymentPostprocessing = 0;
		};
		2AC001FE2EE4D036003B911F /* Resources */ = {
			isa = PBXResourcesBuildPhase;
			buildActionMask = 2147483647;
			files = (
			);
			runOnlyForDeploymentPostprocessing = 0;
		};
		5D2 /* Resources */ = {
			isa = PBXResourcesBuildPhase;
			buildActionMask = 2147483647;
			files = (
				2AA13CC32EDCED1F004C0E67 /* Assets.xcassets in Resources */,
			);
			runOnlyForDeploymentPostprocessing = 0;
		};
/* End PBXResourcesBuildPhase section */

/* Begin PBXShellScriptBuildPhase section */
		2AA13CC62EDCEEF7004C0E67 /* ShellScript */ = {
			isa = PBXShellScriptBuildPhase;
			alwaysOutOfDate = 1;
			buildActionMask = 2147483647;
			files = (
			);
			inputFileListPaths = (
			);
			inputPaths = (
			);
			outputFileListPaths = (
			);
			outputPaths = (
			);
			runOnlyForDeploymentPostprocessing = 0;
			shellPath = /bin/sh;
			shellScript = "# Type a script or drag a script file from your workspace to insert its path.\n";
		};
/* End PBXShellScriptBuildPhase section */

/* Begin PBXSourcesBuildPhase section */
		2A0C28A52EE37EC400929A7E /* Sources */ = {
			isa = PBXSourcesBuildPhase;
			buildActionMask = 2147483647;
			files = (
			);
			runOnlyForDeploymentPostprocessing = 0;
		};
		2A7AB6332EE6EE2E000BE7FA /* Sources */ = {
			isa = PBXSourcesBuildPhase;
			buildActionMask = 2147483647;
			files = (
			);
			runOnlyForDeploymentPostprocessing = 0;
		};
		2AC001FC2EE4D036003B911F /* Sources */ = {
			isa = PBXSourcesBuildPhase;
			buildActionMask = 2147483647;
			files = (
				2AC0021D2EE4D146003B911F /* Shift.swift in Sources */,
				2AC0021F2EE4D178003B911F /* FiscalCalendarHelper.swift in Sources */,
				2AC0021E2EE4D169003B911F /* WorkSchedule.swift in Sources */,
				2AC002202EE4D180003B911F /* DateFormatterCache.swift in Sources */,
			);
			runOnlyForDeploymentPostprocessing = 0;
		};
		5F3 /* Sources */ = {
			isa = PBXSourcesBuildPhase;
			buildActionMask = 2147483647;
			files = (
				5A1 /* WorkScheduleAppApp.swift in Sources */,
				5A2 /* ContentView.swift in Sources */,
				5A3 /* Shift.swift in Sources */,
				5A4 /* WorkSchedule.swift in Sources */,
				2A4EA6912EE35E7C006F4D56 /* AboutView.swift in Sources */,
				5A5 /* ScheduleViewModel.swift in Sources */,
				2A12BCA22EE6F36C00BB11AA /* WatchConnectivityManager.swift in Sources */,
				5A6 /* OCRService.swift in Sources */,
				5A9 /* SystemCSSTheme.swift in Sources */,
				5A10 /* ShiftStatisticsView.swift in Sources */,
				5A11 /* ManageDataView.swift in Sources */,
				5A12 /* FiscalCalendarHelper.swift in Sources */,
				5A13 /* DateFormatterCache.swift in Sources */,
			);
			runOnlyForDeploymentPostprocessing = 0;
		};
/* End PBXSourcesBuildPhase section */

/* Begin PBXTargetDependency section */
		2A0C28B22EE37EC400929A7E /* PBXTargetDependency */ = {
			isa = PBXTargetDependency;
			target = 2A0C28A82EE37EC400929A7E /* ShifterShareExtension */;
			targetProxy = 2A0C28B12EE37EC400929A7E /* PBXContainerItemProxy */;
		};
		2A7AB6402EE6EE31000BE7FA /* PBXTargetDependency */ = {
			isa = PBXTargetDependency;
			target = 2A7AB6362EE6EE2E000BE7FA /* ShifterWatch Watch App */;
			targetProxy = 2A7AB63F2EE6EE31000BE7FA /* PBXContainerItemProxy */;
		};
		2AC002152EE4D037003B911F /* PBXTargetDependency */ = {
			isa = PBXTargetDependency;
			target = 2AC001FF2EE4D036003B911F /* ShifterWidgetExtension */;
			targetProxy = 2AC002142EE4D037003B911F /* PBXContainerItemProxy */;
		};
/* End PBXTargetDependency section */

/* Begin XCBuildConfiguration section */
		2A0C28B62EE37EC400929A7E /* Debug */ = {
			isa = XCBuildConfiguration;
			buildSettings = {
				ASSETCATALOG_COMPILER_GENERATE_SWIFT_ASSET_SYMBOL_EXTENSIONS = YES;
				CODE_SIGN_ENTITLEMENTS = ShifterShareExtension/ShifterShareExtension.entitlements;
				CODE_SIGN_STYLE = Automatic;
				CURRENT_PROJECT_VERSION = 1;
				DEVELOPMENT_TEAM = 8646HX4XDV;
				ENABLE_USER_SCRIPT_SANDBOXING = YES;
				GENERATE_INFOPLIST_FILE = YES;
				INFOPLIST_FILE = ShifterShareExtension/Info.plist;
				INFOPLIST_KEY_CFBundleDisplayName = me.davidguia.WorkScheduleApp.ShifterShareExtension;
				INFOPLIST_KEY_NSHumanReadableCopyright = "";
				IPHONEOS_DEPLOYMENT_TARGET = 26.1;
				LD_RUNPATH_SEARCH_PATHS = (
					"$(inherited)",
					"@executable_path/Frameworks",
					"@executable_path/../../Frameworks",
				);
				MARKETING_VERSION = 1.0;
				PRODUCT_BUNDLE_IDENTIFIER = me.davidguia.WorkScheduleApp.ShifterShareExtension;
				PRODUCT_NAME = "$(TARGET_NAME)";
				SKIP_INSTALL = YES;
				STRING_CATALOG_GENERATE_SYMBOLS = YES;
				SWIFT_APPROACHABLE_CONCURRENCY = YES;
				SWIFT_EMIT_LOC_STRINGS = YES;
				SWIFT_UPCOMING_FEATURE_MEMBER_IMPORT_VISIBILITY = YES;
				SWIFT_VERSION = 5.0;
				TARGETED_DEVICE_FAMILY = "1,2";
			};
			name = Debug;
		};
		2A0C28B72EE37EC400929A7E /* Release */ = {
			isa = XCBuildConfiguration;
			buildSettings = {
				ASSETCATALOG_COMPILER_GENERATE_SWIFT_ASSET_SYMBOL_EXTENSIONS = YES;
				CODE_SIGN_ENTITLEMENTS = ShifterShareExtension/ShifterShareExtension.entitlements;
				CODE_SIGN_STYLE = Automatic;
				CURRENT_PROJECT_VERSION = 1;
				DEVELOPMENT_TEAM = 8646HX4XDV;
				ENABLE_USER_SCRIPT_SANDBOXING = YES;
				GENERATE_INFOPLIST_FILE = YES;
				INFOPLIST_FILE = ShifterShareExtension/Info.plist;
				INFOPLIST_KEY_CFBundleDisplayName = me.davidguia.WorkScheduleApp.ShifterShareExtension;
				INFOPLIST_KEY_NSHumanReadableCopyright = "";
				IPHONEOS_DEPLOYMENT_TARGET = 26.1;
				LD_RUNPATH_SEARCH_PATHS = (
					"$(inherited)",
					"@executable_path/Frameworks",
					"@executable_path/../../Frameworks",
				);
				MARKETING_VERSION = 1.0;
				PRODUCT_BUNDLE_IDENTIFIER = me.davidguia.WorkScheduleApp.ShifterShareExtension;
				PRODUCT_NAME = "$(TARGET_NAME)";
				SKIP_INSTALL = YES;
				STRING_CATALOG_GENERATE_SYMBOLS = YES;
				SWIFT_APPROACHABLE_CONCURRENCY = YES;
				SWIFT_EMIT_LOC_STRINGS = YES;
				SWIFT_UPCOMING_FEATURE_MEMBER_IMPORT_VISIBILITY = YES;
				SWIFT_VERSION = 5.0;
				TARGETED_DEVICE_FAMILY = "1,2";
			};
			name = Release;
		};
		2A7AB6432EE6EE31000BE7FA /* Debug */ = {
			isa = XCBuildConfiguration;
			buildSettings = {
				ASSETCATALOG_COMPILER_APPICON_NAME = AppIcon;
				ASSETCATALOG_COMPILER_GENERATE_SWIFT_ASSET_SYMBOL_EXTENSIONS = YES;
				ASSETCATALOG_COMPILER_GLOBAL_ACCENT_COLOR_NAME = AccentColor;
				CODE_SIGN_ENTITLEMENTS = "ShifterWatch Watch App/ShifterWatch Watch App.entitlements";
				CODE_SIGN_STYLE = Automatic;
				CURRENT_PROJECT_VERSION = 1;
				DEVELOPMENT_TEAM = 8646HX4XDV;
				ENABLE_PREVIEWS = YES;
				ENABLE_USER_SCRIPT_SANDBOXING = YES;
				GENERATE_INFOPLIST_FILE = YES;
				INFOPLIST_KEY_CFBundleDisplayName = ShifterWatch;
				INFOPLIST_KEY_UISupportedInterfaceOrientations = "UIInterfaceOrientationPortrait UIInterfaceOrientationPortraitUpsideDown";
				INFOPLIST_KEY_WKCompanionAppBundleIdentifier = me.davidguia.WorkScheduleApp;
				LD_RUNPATH_SEARCH_PATHS = (
					"$(inherited)",
					"@executable_path/Frameworks",
				);
				MARKETING_VERSION = 1.1.0;
				PRODUCT_BUNDLE_IDENTIFIER = me.davidguia.WorkScheduleApp.watchkitapp;
				PRODUCT_NAME = "$(TARGET_NAME)";
				SDKROOT = watchos;
				SKIP_INSTALL = YES;
				STRING_CATALOG_GENERATE_SYMBOLS = YES;
				SWIFT_APPROACHABLE_CONCURRENCY = YES;
				SWIFT_DEFAULT_ACTOR_ISOLATION = MainActor;
				SWIFT_EMIT_LOC_STRINGS = YES;
				SWIFT_UPCOMING_FEATURE_MEMBER_IMPORT_VISIBILITY = YES;
				SWIFT_VERSION = 5.0;
				TARGETED_DEVICE_FAMILY = 4;
				WATCHOS_DEPLOYMENT_TARGET = 26.1;
			};
			name = Debug;
		};
		2A7AB6442EE6EE31000BE7FA /* Release */ = {
			isa = XCBuildConfiguration;
			buildSettings = {
				ASSETCATALOG_COMPILER_APPICON_NAME = AppIcon;
				ASSETCATALOG_COMPILER_GENERATE_SWIFT_ASSET_SYMBOL_EXTENSIONS = YES;
				ASSETCATALOG_COMPILER_GLOBAL_ACCENT_COLOR_NAME = AccentColor;
				CODE_SIGN_ENTITLEMENTS = "ShifterWatch Watch App/ShifterWatch Watch App.entitlements";
				CODE_SIGN_STYLE = Automatic;
				CURRENT_PROJECT_VERSION = 1;
				DEVELOPMENT_TEAM = 8646HX4XDV;
				ENABLE_PREVIEWS = YES;
				ENABLE_USER_SCRIPT_SANDBOXING = YES;
				GENERATE_INFOPLIST_FILE = YES;
				INFOPLIST_KEY_CFBundleDisplayName = ShifterWatch;
				INFOPLIST_KEY_UISupportedInterfaceOrientations = "UIInterfaceOrientationPortrait UIInterfaceOrientationPortraitUpsideDown";
				INFOPLIST_KEY_WKCompanionAppBundleIdentifier = me.davidguia.WorkScheduleApp;
				LD_RUNPATH_SEARCH_PATHS = (
					"$(inherited)",
					"@executable_path/Frameworks",
				);
				MARKETING_VERSION = 1.1.0;
				PRODUCT_BUNDLE_IDENTIFIER = me.davidguia.WorkScheduleApp.watchkitapp;
				PRODUCT_NAME = "$(TARGET_NAME)";
				SDKROOT = watchos;
				SKIP_INSTALL = YES;
				STRING_CATALOG_GENERATE_SYMBOLS = YES;
				SWIFT_APPROACHABLE_CONCURRENCY = YES;
				SWIFT_DEFAULT_ACTOR_ISOLATION = MainActor;
				SWIFT_EMIT_LOC_STRINGS = YES;
				SWIFT_UPCOMING_FEATURE_MEMBER_IMPORT_VISIBILITY = YES;
				SWIFT_VERSION = 5.0;
				TARGETED_DEVICE_FAMILY = 4;
				WATCHOS_DEPLOYMENT_TARGET = 26.1;
			};
			name = Release;
		};
		2AC002172EE4D037003B911F /* Debug */ = {
			isa = XCBuildConfiguration;
			buildSettings = {
				ASSETCATALOG_COMPILER_GENERATE_SWIFT_ASSET_SYMBOL_EXTENSIONS = YES;
				ASSETCATALOG_COMPILER_GLOBAL_ACCENT_COLOR_NAME = AccentColor;
				ASSETCATALOG_COMPILER_WIDGET_BACKGROUND_COLOR_NAME = WidgetBackground;
				CODE_SIGN_ENTITLEMENTS = ShifterWidgetExtension.entitlements;
				CODE_SIGN_STYLE = Automatic;
				CURRENT_PROJECT_VERSION = 1;
				DEVELOPMENT_TEAM = 8646HX4XDV;
				ENABLE_USER_SCRIPT_SANDBOXING = YES;
				GENERATE_INFOPLIST_FILE = YES;
				INFOPLIST_FILE = ShifterWidget/Info.plist;
				INFOPLIST_KEY_CFBundleDisplayName = ShifterWidget;
				INFOPLIST_KEY_NSHumanReadableCopyright = "";
				IPHONEOS_DEPLOYMENT_TARGET = 26.1;
				LD_RUNPATH_SEARCH_PATHS = (
					"$(inherited)",
					"@executable_path/Frameworks",
					"@executable_path/../../Frameworks",
				);
				MARKETING_VERSION = 1.0;
				PRODUCT_BUNDLE_IDENTIFIER = me.davidguia.WorkScheduleApp.ShifterWidget;
				PRODUCT_NAME = "$(TARGET_NAME)";
				SKIP_INSTALL = YES;
				STRING_CATALOG_GENERATE_SYMBOLS = YES;
				SWIFT_APPROACHABLE_CONCURRENCY = YES;
				SWIFT_EMIT_LOC_STRINGS = YES;
				SWIFT_UPCOMING_FEATURE_MEMBER_IMPORT_VISIBILITY = YES;
				SWIFT_VERSION = 5.0;
				TARGETED_DEVICE_FAMILY = "1,2";
			};
			name = Debug;
		};
		2AC002182EE4D037003B911F /* Release */ = {
			isa = XCBuildConfiguration;
			buildSettings = {
				ASSETCATALOG_COMPILER_GENERATE_SWIFT_ASSET_SYMBOL_EXTENSIONS = YES;
				ASSETCATALOG_COMPILER_GLOBAL_ACCENT_COLOR_NAME = AccentColor;
				ASSETCATALOG_COMPILER_WIDGET_BACKGROUND_COLOR_NAME = WidgetBackground;
				CODE_SIGN_ENTITLEMENTS = ShifterWidgetExtension.entitlements;
				CODE_SIGN_STYLE = Automatic;
				CURRENT_PROJECT_VERSION = 1;
				DEVELOPMENT_TEAM = 8646HX4XDV;
				ENABLE_USER_SCRIPT_SANDBOXING = YES;
				GENERATE_INFOPLIST_FILE = YES;
				INFOPLIST_FILE = ShifterWidget/Info.plist;
				INFOPLIST_KEY_CFBundleDisplayName = ShifterWidget;
				INFOPLIST_KEY_NSHumanReadableCopyright = "";
				IPHONEOS_DEPLOYMENT_TARGET = 26.1;
				LD_RUNPATH_SEARCH_PATHS = (
					"$(inherited)",
					"@executable_path/Frameworks",
					"@executable_path/../../Frameworks",
				);
				MARKETING_VERSION = 1.0;
				PRODUCT_BUNDLE_IDENTIFIER = me.davidguia.WorkScheduleApp.ShifterWidget;
				PRODUCT_NAME = "$(TARGET_NAME)";
				SKIP_INSTALL = YES;
				STRING_CATALOG_GENERATE_SYMBOLS = YES;
				SWIFT_APPROACHABLE_CONCURRENCY = YES;
				SWIFT_EMIT_LOC_STRINGS = YES;
				SWIFT_UPCOMING_FEATURE_MEMBER_IMPORT_VISIBILITY = YES;
				SWIFT_VERSION = 5.0;
				TARGETED_DEVICE_FAMILY = "1,2";
			};
			name = Release;
		};
		5H1 /* Debug */ = {
			isa = XCBuildConfiguration;
			buildSettings = {
				ALWAYS_SEARCH_USER_PATHS = NO;
				ASSETCATALOG_COMPILER_APPICON_NAME = AppIcon;
				ASSETCATALOG_COMPILER_GLOBAL_ACCENT_COLOR_NAME = AccentColor;
				ASSETCATALOG_COMPILER_INCLUDE_ALL_APPICON_ASSETS = YES;
				CLANG_ANALYZER_NONNULL = YES;
				CLANG_ANALYZER_NUMBER_OBJECT_CONVERSION = YES_AGGRESSIVE;
				CLANG_CXX_LANGUAGE_STANDARD = "gnu++20";
				CLANG_ENABLE_MODULES = YES;
				CLANG_ENABLE_OBJC_ARC = YES;
				CLANG_ENABLE_OBJC_WEAK = YES;
				CLANG_WARN_BLOCK_CAPTURE_AUTORELEASING = YES;
				CLANG_WARN_BOOL_CONVERSION = YES;
				CLANG_WARN_COMMA = YES;
				CLANG_WARN_CONSTANT_CONVERSION = YES;
				CLANG_WARN_DEPRECATED_OBJC_IMPLEMENTATIONS = YES;
				CLANG_WARN_DIRECT_OBJC_ISA_USAGE = YES_ERROR;
				CLANG_WARN_DOCUMENTATION_COMMENTS = YES;
				CLANG_WARN_EMPTY_BODY = YES;
				CLANG_WARN_ENUM_CONVERSION = YES;
				CLANG_WARN_INFINITE_RECURSION = YES;
				CLANG_WARN_INT_CONVERSION = YES;
				CLANG_WARN_NON_LITERAL_NULL_CONVERSION = YES;
				CLANG_WARN_OBJC_IMPLICIT_RETAIN_SELF = YES;
				CLANG_WARN_OBJC_LITERAL_CONVERSION = YES;
				CLANG_WARN_OBJC_ROOT_CLASS = YES_ERROR;
				CLANG_WARN_QUOTED_INCLUDE_IN_FRAMEWORK_HEADER = YES;
				CLANG_WARN_RANGE_LOOP_ANALYSIS = YES;
				CLANG_WARN_STRICT_PROTOTYPES = YES;
				CLANG_WARN_SUSPICIOUS_MOVE = YES;
				CLANG_WARN_UNGUARDED_AVAILABILITY = YES_AGGRESSIVE;
				CLANG_WARN_UNREACHABLE_CODE = YES;
				CLANG_WARN__DUPLICATE_METHOD_MATCH = YES;
				CODE_SIGN_ENTITLEMENTS = WorkScheduleApp/WorkScheduleApp.entitlements;
				CODE_SIGN_STYLE = Automatic;
				COPY_PHASE_STRIP = NO;
				CURRENT_PROJECT_VERSION = 1;
				DEBUG_INFORMATION_FORMAT = dwarf;
				DEVELOPMENT_TEAM = 8646HX4XDV;
				ENABLE_PREVIEWS = YES;
				ENABLE_STRICT_OBJC_MSGSEND = YES;
				ENABLE_TESTABILITY = YES;
				ENABLE_USER_SCRIPT_SANDBOXING = YES;
				GCC_C_LANGUAGE_STANDARD = gnu17;
				GCC_DYNAMIC_NO_PIC = NO;
				GCC_NO_COMMON_BLOCKS = YES;
				GCC_OPTIMIZATION_LEVEL = 0;
				GCC_PREPROCESSOR_DEFINITIONS = (
					"DEBUG=1",
					"$(inherited)",
				);
				GCC_WARN_64_TO_32_BIT_CONVERSION = YES;
				GCC_WARN_ABOUT_RETURN_TYPE = YES_ERROR;
				GCC_WARN_UNDECLARED_SELECTOR = YES;
				GCC_WARN_UNINITIALIZED_AUTOS = YES_AGGRESSIVE;
				GCC_WARN_UNUSED_FUNCTION = YES;
				GCC_WARN_UNUSED_VARIABLE = YES;
				GENERATE_INFOPLIST_FILE = NO;
				INFOPLIST_FILE = WorkScheduleApp/Info.plist;
				INFOPLIST_KEY_UIApplicationSceneManifest_Generation = YES;
				INFOPLIST_KEY_UIApplicationSupportsIndirectInputEvents = YES;
				INFOPLIST_KEY_UILaunchScreen_Generation = YES;
				INFOPLIST_KEY_UISupportedInterfaceOrientations = "UIInterfaceOrientationPortrait UIInterfaceOrientationLandscapeLeft UIInterfaceOrientationLandscapeRight";
				INFOPLIST_KEY_UISupportedInterfaceOrientations_iPad = "UIInterfaceOrientationPortrait UIInterfaceOrientationPortraitUpsideDown UIInterfaceOrientationLandscapeLeft UIInterfaceOrientationLandscapeRight";
				IPHONEOS_DEPLOYMENT_TARGET = 26.0;
				LD_RUNPATH_SEARCH_PATHS = (
					"$(inherited)",
					"@executable_path/Frameworks",
				);
				MARKETING_VERSION = 1.1.0;
				MTL_ENABLE_DEBUG_INFO = INCLUDE_SOURCE;
				MTL_FAST_MATH = YES;
				ONLY_ACTIVE_ARCH = YES;
				PRODUCT_BUNDLE_IDENTIFIER = me.davidguia.WorkScheduleApp;
				PRODUCT_NAME = "$(TARGET_NAME)";
				SDKROOT = iphoneos;
				SUPPORTED_PLATFORMS = "iphoneos iphonesimulator";
				SUPPORTS_MACCATALYST = NO;
				SUPPORTS_MAC_DESIGNED_FOR_IPHONE_IPAD = NO;
				SUPPORTS_XR_DESIGNED_FOR_IPHONE_IPAD = NO;
				SWIFT_ACTIVE_COMPILATION_CONDITIONS = "DEBUG $(inherited)";
				SWIFT_EMIT_LOC_STRINGS = YES;
				SWIFT_OPTIMIZATION_LEVEL = "-Onone";
				SWIFT_VERSION = 5.0;
				TARGETED_DEVICE_FAMILY = 1;
			};
			name = Debug;
		};
		5H2 /* Release */ = {
			isa = XCBuildConfiguration;
			buildSettings = {
				ALWAYS_SEARCH_USER_PATHS = NO;
				ASSETCATALOG_COMPILER_APPICON_NAME = AppIcon;
				ASSETCATALOG_COMPILER_GLOBAL_ACCENT_COLOR_NAME = AccentColor;
				ASSETCATALOG_COMPILER_INCLUDE_ALL_APPICON_ASSETS = YES;
				CLANG_ANALYZER_NONNULL = YES;
				CLANG_ANALYZER_NUMBER_OBJECT_CONVERSION = YES_AGGRESSIVE;
				CLANG_CXX_LANGUAGE_STANDARD = "gnu++20";
				CLANG_ENABLE_MODULES = YES;
				CLANG_ENABLE_OBJC_ARC = YES;
				CLANG_ENABLE_OBJC_WEAK = YES;
				CLANG_WARN_BLOCK_CAPTURE_AUTORELEASING = YES;
				CLANG_WARN_BOOL_CONVERSION = YES;
				CLANG_WARN_COMMA = YES;
				CLANG_WARN_CONSTANT_CONVERSION = YES;
				CLANG_WARN_DEPRECATED_OBJC_IMPLEMENTATIONS = YES;
				CLANG_WARN_DIRECT_OBJC_ISA_USAGE = YES_ERROR;
				CLANG_WARN_DOCUMENTATION_COMMENTS = YES;
				CLANG_WARN_EMPTY_BODY = YES;
				CLANG_WARN_ENUM_CONVERSION = YES;
				CLANG_WARN_INFINITE_RECURSION = YES;
				CLANG_WARN_INT_CONVERSION = YES;
				CLANG_WARN_NON_LITERAL_NULL_CONVERSION = YES;
				CLANG_WARN_OBJC_IMPLICIT_RETAIN_SELF = YES;
				CLANG_WARN_OBJC_LITERAL_CONVERSION = YES;
				CLANG_WARN_OBJC_ROOT_CLASS = YES_ERROR;
				CLANG_WARN_QUOTED_INCLUDE_IN_FRAMEWORK_HEADER = YES;
				CLANG_WARN_RANGE_LOOP_ANALYSIS = YES;
				CLANG_WARN_STRICT_PROTOTYPES = YES;
				CLANG_WARN_SUSPICIOUS_MOVE = YES;
				CLANG_WARN_UNGUARDED_AVAILABILITY = YES_AGGRESSIVE;
				CLANG_WARN_UNREACHABLE_CODE = YES;
				CLANG_WARN__DUPLICATE_METHOD_MATCH = YES;
				CODE_SIGN_ENTITLEMENTS = WorkScheduleApp/WorkScheduleApp.entitlements;
				CODE_SIGN_STYLE = Automatic;
				COPY_PHASE_STRIP = NO;
				CURRENT_PROJECT_VERSION = 1;
				DEBUG_INFORMATION_FORMAT = "dwarf-with-dsym";
				DEVELOPMENT_TEAM = 8646HX4XDV;
				ENABLE_NS_ASSERTIONS = NO;
				ENABLE_PREVIEWS = YES;
				ENABLE_STRICT_OBJC_MSGSEND = YES;
				ENABLE_USER_SCRIPT_SANDBOXING = YES;
				GCC_C_LANGUAGE_STANDARD = gnu17;
				GCC_NO_COMMON_BLOCKS = YES;
				GCC_WARN_64_TO_32_BIT_CONVERSION = YES;
				GCC_WARN_ABOUT_RETURN_TYPE = YES_ERROR;
				GCC_WARN_UNDECLARED_SELECTOR = YES;
				GCC_WARN_UNINITIALIZED_AUTOS = YES_AGGRESSIVE;
				GCC_WARN_UNUSED_FUNCTION = YES;
				GCC_WARN_UNUSED_VARIABLE = YES;
				GENERATE_INFOPLIST_FILE = NO;
				INFOPLIST_FILE = WorkScheduleApp/Info.plist;
				INFOPLIST_KEY_UIApplicationSceneManifest_Generation = YES;
				INFOPLIST_KEY_UIApplicationSupportsIndirectInputEvents = YES;
				INFOPLIST_KEY_UILaunchScreen_Generation = YES;
				INFOPLIST_KEY_UISupportedInterfaceOrientations = "UIInterfaceOrientationPortrait UIInterfaceOrientationLandscapeLeft UIInterfaceOrientationLandscapeRight";
				INFOPLIST_KEY_UISupportedInterfaceOrientations_iPad = "UIInterfaceOrientationPortrait UIInterfaceOrientationPortraitUpsideDown UIInterfaceOrientationLandscapeLeft UIInterfaceOrientationLandscapeRight";
				IPHONEOS_DEPLOYMENT_TARGET = 26.0;
				LD_RUNPATH_SEARCH_PATHS = (
					"$(inherited)",
					"@executable_path/Frameworks",
				);
				MARKETING_VERSION = 1.1.0;
				MTL_ENABLE_DEBUG_INFO = NO;
				MTL_FAST_MATH = YES;
				PRODUCT_BUNDLE_IDENTIFIER = me.davidguia.WorkScheduleApp;
				PRODUCT_NAME = "$(TARGET_NAME)";
				SDKROOT = iphoneos;
				SUPPORTED_PLATFORMS = "iphoneos iphonesimulator";
				SUPPORTS_MACCATALYST = NO;
				SUPPORTS_MAC_DESIGNED_FOR_IPHONE_IPAD = NO;
				SUPPORTS_XR_DESIGNED_FOR_IPHONE_IPAD = NO;
				SWIFT_COMPILATION_MODE = wholemodule;
				SWIFT_EMIT_LOC_STRINGS = YES;
				SWIFT_VERSION = 5.0;
				TARGETED_DEVICE_FAMILY = 1;
				VALIDATE_PRODUCT = YES;
			};
			name = Release;
		};
		5H3 /* Debug */ = {
			isa = XCBuildConfiguration;
			buildSettings = {
				ALWAYS_SEARCH_USER_PATHS = NO;
				CLANG_ANALYZER_LOCALIZABILITY_NONLOCALIZED = YES;
				CLANG_ANALYZER_NONNULL = YES;
				CLANG_ANALYZER_NUMBER_OBJECT_CONVERSION = YES_AGGRESSIVE;
				CLANG_CXX_LANGUAGE_STANDARD = "gnu++20";
				CLANG_ENABLE_MODULES = YES;
				CLANG_ENABLE_OBJC_ARC = YES;
				CLANG_ENABLE_OBJC_WEAK = YES;
				CLANG_WARN_BLOCK_CAPTURE_AUTORELEASING = YES;
				CLANG_WARN_BOOL_CONVERSION = YES;
				CLANG_WARN_COMMA = YES;
				CLANG_WARN_CONSTANT_CONVERSION = YES;
				CLANG_WARN_DEPRECATED_OBJC_IMPLEMENTATIONS = YES;
				CLANG_WARN_DIRECT_OBJC_ISA_USAGE = YES_ERROR;
				CLANG_WARN_DOCUMENTATION_COMMENTS = YES;
				CLANG_WARN_EMPTY_BODY = YES;
				CLANG_WARN_ENUM_CONVERSION = YES;
				CLANG_WARN_INFINITE_RECURSION = YES;
				CLANG_WARN_INT_CONVERSION = YES;
				CLANG_WARN_NON_LITERAL_NULL_CONVERSION = YES;
				CLANG_WARN_OBJC_IMPLICIT_RETAIN_SELF = YES;
				CLANG_WARN_OBJC_LITERAL_CONVERSION = YES;
				CLANG_WARN_OBJC_ROOT_CLASS = YES_ERROR;
				CLANG_WARN_QUOTED_INCLUDE_IN_FRAMEWORK_HEADER = YES;
				CLANG_WARN_RANGE_LOOP_ANALYSIS = YES;
				CLANG_WARN_STRICT_PROTOTYPES = YES;
				CLANG_WARN_SUSPICIOUS_MOVE = YES;
				CLANG_WARN_UNGUARDED_AVAILABILITY = YES_AGGRESSIVE;
				CLANG_WARN_UNREACHABLE_CODE = YES;
				CLANG_WARN__DUPLICATE_METHOD_MATCH = YES;
				COPY_PHASE_STRIP = NO;
				DEBUG_INFORMATION_FORMAT = dwarf;
				ENABLE_STRICT_OBJC_MSGSEND = YES;
				ENABLE_TESTABILITY = YES;
				GCC_C_LANGUAGE_STANDARD = gnu17;
				GCC_DYNAMIC_NO_PIC = NO;
				GCC_NO_COMMON_BLOCKS = YES;
				GCC_OPTIMIZATION_LEVEL = 0;
				GCC_PREPROCESSOR_DEFINITIONS = (
					"DEBUG=1",
					"$(inherited)",
				);
				GCC_WARN_64_TO_32_BIT_CONVERSION = YES;
				GCC_WARN_ABOUT_RETURN_TYPE = YES_ERROR;
				GCC_WARN_UNDECLARED_SELECTOR = YES;
				GCC_WARN_UNINITIALIZED_AUTOS = YES_AGGRESSIVE;
				GCC_WARN_UNUSED_FUNCTION = YES;
				GCC_WARN_UNUSED_VARIABLE = YES;
				IPHONEOS_DEPLOYMENT_TARGET = 17.0;
				LOCALIZATION_PREFERS_STRING_CATALOGS = YES;
				MTL_ENABLE_DEBUG_INFO = INCLUDE_SOURCE;
				MTL_FAST_MATH = YES;
				ONLY_ACTIVE_ARCH = YES;
				SDKROOT = iphoneos;
				STRING_CATALOG_GENERATE_SYMBOLS = YES;
				SWIFT_ACTIVE_COMPILATION_CONDITIONS = "DEBUG $(inherited)";
				SWIFT_OPTIMIZATION_LEVEL = "-Onone";
			};
			name = Debug;
		};
		5H4 /* Release */ = {
			isa = XCBuildConfiguration;
			buildSettings = {
				ALWAYS_SEARCH_USER_PATHS = NO;
				CLANG_ANALYZER_LOCALIZABILITY_NONLOCALIZED = YES;
				CLANG_ANALYZER_NONNULL = YES;
				CLANG_ANALYZER_NUMBER_OBJECT_CONVERSION = YES_AGGRESSIVE;
				CLANG_CXX_LANGUAGE_STANDARD = "gnu++20";
				CLANG_ENABLE_MODULES = YES;
				CLANG_ENABLE_OBJC_ARC = YES;
				CLANG_ENABLE_OBJC_WEAK = YES;
				CLANG_WARN_BLOCK_CAPTURE_AUTORELEASING = YES;
				CLANG_WARN_BOOL_CONVERSION = YES;
				CLANG_WARN_COMMA = YES;
				CLANG_WARN_CONSTANT_CONVERSION = YES;
				CLANG_WARN_DEPRECATED_OBJC_IMPLEMENTATIONS = YES;
				CLANG_WARN_DIRECT_OBJC_ISA_USAGE = YES_ERROR;
				CLANG_WARN_DOCUMENTATION_COMMENTS = YES;
				CLANG_WARN_EMPTY_BODY = YES;
				CLANG_WARN_ENUM_CONVERSION = YES;
				CLANG_WARN_INFINITE_RECURSION = YES;
				CLANG_WARN_INT_CONVERSION = YES;
				CLANG_WARN_NON_LITERAL_NULL_CONVERSION = YES;
				CLANG_WARN_OBJC_IMPLICIT_RETAIN_SELF = YES;
				CLANG_WARN_OBJC_LITERAL_CONVERSION = YES;
				CLANG_WARN_OBJC_ROOT_CLASS = YES_ERROR;
				CLANG_WARN_QUOTED_INCLUDE_IN_FRAMEWORK_HEADER = YES;
				CLANG_WARN_RANGE_LOOP_ANALYSIS = YES;
				CLANG_WARN_STRICT_PROTOTYPES = YES;
				CLANG_WARN_SUSPICIOUS_MOVE = YES;
				CLANG_WARN_UNGUARDED_AVAILABILITY = YES_AGGRESSIVE;
				CLANG_WARN_UNREACHABLE_CODE = YES;
				CLANG_WARN__DUPLICATE_METHOD_MATCH = YES;
				COPY_PHASE_STRIP = NO;
				DEBUG_INFORMATION_FORMAT = "dwarf-with-dsym";
				ENABLE_NS_ASSERTIONS = NO;
				ENABLE_STRICT_OBJC_MSGSEND = YES;
				GCC_C_LANGUAGE_STANDARD = gnu17;
				GCC_NO_COMMON_BLOCKS = YES;
				GCC_WARN_64_TO_32_BIT_CONVERSION = YES;
				GCC_WARN_ABOUT_RETURN_TYPE = YES_ERROR;
				GCC_WARN_UNDECLARED_SELECTOR = YES;
				GCC_WARN_UNINITIALIZED_AUTOS = YES_AGGRESSIVE;
				GCC_WARN_UNUSED_FUNCTION = YES;
				GCC_WARN_UNUSED_VARIABLE = YES;
				IPHONEOS_DEPLOYMENT_TARGET = 17.0;
				LOCALIZATION_PREFERS_STRING_CATALOGS = YES;
				MTL_ENABLE_DEBUG_INFO = NO;
				MTL_FAST_MATH = YES;
				SDKROOT = iphoneos;
				STRING_CATALOG_GENERATE_SYMBOLS = YES;
				SWIFT_COMPILATION_MODE = wholemodule;
				VALIDATE_PRODUCT = YES;
			};
			name = Release;
		};
/* End XCBuildConfiguration section */

/* Begin XCConfigurationList section */
		2A0C28B52EE37EC400929A7E /* Build configuration list for PBXNativeTarget "ShifterShareExtension" */ = {
			isa = XCConfigurationList;
			buildConfigurations = (
				2A0C28B62EE37EC400929A7E /* Debug */,
				2A0C28B72EE37EC400929A7E /* Release */,
			);
			defaultConfigurationIsVisible = 0;
			defaultConfigurationName = Release;
		};
		2A7AB6452EE6EE31000BE7FA /* Build configuration list for PBXNativeTarget "ShifterWatch Watch App" */ = {
			isa = XCConfigurationList;
			buildConfigurations = (
				2A7AB6432EE6EE31000BE7FA /* Debug */,
				2A7AB6442EE6EE31000BE7FA /* Release */,
			);
			defaultConfigurationIsVisible = 0;
			defaultConfigurationName = Release;
		};
		2AC0021A2EE4D037003B911F /* Build configuration list for PBXNativeTarget "ShifterWidgetExtension" */ = {
			isa = XCConfigurationList;
			buildConfigurations = (
				2AC002172EE4D037003B911F /* Debug */,
				2AC002182EE4D037003B911F /* Release */,
			);
			defaultConfigurationIsVisible = 0;
			defaultConfigurationName = Release;
		};
		5F2 /* Build configuration list for PBXNativeTarget "WorkScheduleApp" */ = {
			isa = XCConfigurationList;
			buildConfigurations = (
				5H1 /* Debug */,
				5H2 /* Release */,
			);
			defaultConfigurationIsVisible = 0;
			defaultConfigurationName = Release;
		};
		5G2 /* Build configuration list for PBXProject "WorkScheduleApp" */ = {
			isa = XCConfigurationList;
			buildConfigurations = (
				5H3 /* Debug */,
				5H4 /* Release */,
			);
			defaultConfigurationIsVisible = 0;
			defaultConfigurationName = Release;
		};
/* End XCConfigurationList section */
	};
	rootObject = 5G1 /* Project object */;
}
